{
  "name": "web",
  "version": "1.0.0",
  "lockfileVersion": 2,
  "requires": true,
  "packages": {
    "": {
      "name": "web",
      "version": "1.0.0",
      "license": "ISC",
      "dependencies": {
        "ghostly-controller": "^0.0.1"
      }
    },
    "node_modules/ghostly-controller": {
      "version": "0.0.1",
      "resolved": "https://registry.npmjs.org/ghostly-controller/-/ghostly-controller-0.0.1.tgz",
      "integrity": "sha512-PKIBBn8WSithHnbZJxPaBGXkmceKdPpXhPrKUZFWgE1pQIK5yqdxeByySav8mMgbEw1leQezdwIOpHR+9vJn7w=="
    }
  },
  "dependencies": {
    "ghostly-controller": {
      "version": "0.0.1",
      "resolved": "https://registry.npmjs.org/ghostly-controller/-/ghostly-controller-0.0.1.tgz",
      "integrity": "sha512-PKIBBn8WSithHnbZJxPaBGXkmceKdPpXhPrKUZFWgE1pQIK5yqdxeByySav8mMgbEw1leQezdwIOpHR+9vJn7w=="
    }
  }
}
